
Microsoft Visual Studio Solution File, Format Version 12.00
# Visual Studio Version 17
VisualStudioVersion = 17.8.34601.278
MinimumVisualStudioVersion = 10.0.40219.1
Project("{D954291E-2A0B-460D-934E-DC6B0785DB48}") = "Engine", "Engine\Engine.shproj", "{A0CDBD0E-3A41-42B7-9425-A838BC2C7383}"
EndProject
Project("{FAE04EC0-301F-11D3-BF4B-00C04F79EFBC}") = "GameCode", "GameCode\GameCode.csproj", "{3B6D9855-F8CE-4ED1-9DAB-861C83EBF50D}"
EndProject
Project("{FAE04EC0-301F-11D3-BF4B-00C04F79EFBC}") = "Platform_OpenGL", "Platform_OpenGL\Platform_OpenGL.csproj", "{B0E70FB8-C665-403B-9D51-CD3C6829415C}"
EndProject
Global
	GlobalSection(SolutionConfigurationPlatforms) = preSolution
		Debug|Any CPU = Debug|Any CPU
		Release|Any CPU = Release|Any CPU
	EndGlobalSection
	GlobalSection(ProjectConfigurationPlatforms) = postSolution
		{3B6D9855-F8CE-4ED1-9DAB-861C83EBF50D}.Debug|Any CPU.ActiveCfg = Debug|Any CPU
		{3B6D9855-F8CE-4ED1-9DAB-861C83EBF50D}.Debug|Any CPU.Build.0 = Debug|Any CPU
		{3B6D9855-F8CE-4ED1-9DAB-861C83EBF50D}.Release|Any CPU.ActiveCfg = Release|Any CPU
		{3B6D9855-F8CE-4ED1-9DAB-861C83EBF50D}.Release|Any CPU.Build.0 = Release|Any CPU
		{B0E70FB8-C665-403B-9D51-CD3C6829415C}.Debug|Any CPU.ActiveCfg = Debug|Any CPU
		{B0E70FB8-C665-403B-9D51-CD3C6829415C}.Debug|Any CPU.Build.0 = Debug|Any CPU
		{B0E70FB8-C665-403B-9D51-CD3C6829415C}.Release|Any CPU.ActiveCfg = Release|Any CPU
		{B0E70FB8-C665-403B-9D51-CD3C6829415C}.Release|Any CPU.Build.0 = Release|Any CPU
	EndGlobalSection
	GlobalSection(SolutionProperties) = preSolution
		HideSolutionNode = FALSE
	EndGlobalSection
	GlobalSection(ExtensibilityGlobals) = postSolution
		SolutionGuid = {96642047-BAF8-4326-AE52-306CAE3B4EC6}
	EndGlobalSection
	GlobalSection(SharedMSBuildProjectFiles) = preSolution
		Engine\Engine.projitems*{3b6d9855-f8ce-4ed1-9dab-861c83ebf50d}*SharedItemsImports = 5
		Engine\Engine.projitems*{a0cdbd0e-3a41-42b7-9425-a838bc2c7383}*SharedItemsImports = 13
	EndGlobalSection
EndGlobal
